// !$*UTF8*$!
{
	archiveVersion = 1;
	classes = {
	};
	objectVersion = 56;
	objects = {

/* Begin PBXBuildFile section */
		E3DBEF3829F0514F00E8D282 /* TestProjectApp.swift in Sources */ = {isa = PBXBuildFile; fileRef = E3DBEF3729F0514F00E8D282 /* TestProjectApp.swift */; };
		E3DBEF3A29F0514F00E8D282 /* MainView.swift in Sources */ = {isa = PBXBuildFile; fileRef = E3DBEF3929F0514F00E8D282 /* MainView.swift */; };
		E3DBEF3C29F0515200E8D282 /* Assets.xcassets in Resources */ = {isa = PBXBuildFile; fileRef = E3DBEF3B29F0515200E8D282 /* Assets.xcassets */; };
		E3DBEF3F29F0515200E8D282 /* Preview Assets.xcassets in Resources */ = {isa = PBXBuildFile; fileRef = E3DBEF3E29F0515200E8D282 /* Preview Assets.xcassets */; };
		E3DBEF4729F051DA00E8D282 /* CustomTextField.swift in Sources */ = {isa = PBXBuildFile; fileRef = E3DBEF4629F051DA00E8D282 /* CustomTextField.swift */; };
		E3DBEF4A29F0536900E8D282 /* SearchView.swift in Sources */ = {isa = PBXBuildFile; fileRef = E3DBEF4929F0536900E8D282 /* SearchView.swift */; };
		E3DBEF4D29F0538900E8D282 /* MarkedView.swift in Sources */ = {isa = PBXBuildFile; fileRef = E3DBEF4C29F0538900E8D282 /* MarkedView.swift */; };
		E3DBEF4F29F053BC00E8D282 /* CustomTabBar.swift in Sources */ = {isa = PBXBuildFile; fileRef = E3DBEF4E29F053BC00E8D282 /* CustomTabBar.swift */; };
		E3DBEF5129F0574300E8D282 /* CafeView.swift in Sources */ = {isa = PBXBuildFile; fileRef = E3DBEF5029F0574300E8D282 /* CafeView.swift */; };
		E3DBEF5429F0594400E8D282 /* CafeModel.swift in Sources */ = {isa = PBXBuildFile; fileRef = E3DBEF5329F0594400E8D282 /* CafeModel.swift */; };
		E3DBEF5A29F0735800E8D282 /* JSONManager.swift in Sources */ = {isa = PBXBuildFile; fileRef = E3DBEF5929F0735800E8D282 /* JSONManager.swift */; };
		E3DBEF5D29F076A500E8D282 /* SearchViewModel.swift in Sources */ = {isa = PBXBuildFile; fileRef = E3DBEF5C29F076A500E8D282 /* SearchViewModel.swift */; };
		E3DBEF6129F0AFB900E8D282 /* CafesViewModel.swift in Sources */ = {isa = PBXBuildFile; fileRef = E3DBEF6029F0AFB800E8D282 /* CafesViewModel.swift */; };
/* End PBXBuildFile section */

/* Begin PBXFileReference section */
		E3DBEF3429F0514F00E8D282 /* TestProject.app */ = {isa = PBXFileReference; explicitFileType = wrapper.application; includeInIndex = 0; path = TestProject.app; sourceTree = BUILT_PRODUCTS_DIR; };
		E3DBEF3729F0514F00E8D282 /* TestProjectApp.swift */ = {isa = PBXFileReference; lastKnownFileType = sourcecode.swift; path = TestProjectApp.swift; sourceTree = "<group>"; };
		E3DBEF3929F0514F00E8D282 /* MainView.swift */ = {isa = PBXFileReference; lastKnownFileType = sourcecode.swift; path = MainView.swift; sourceTree = "<group>"; };
		E3DBEF3B29F0515200E8D282 /* Assets.xcassets */ = {isa = PBXFileReference; lastKnownFileType = folder.assetcatalog; path = Assets.xcassets; sourceTree = "<group>"; };
		E3DBEF3E29F0515200E8D282 /* Preview Assets.xcassets */ = {isa = PBXFileReference; lastKnownFileType = folder.assetcatalog; path = "Preview Assets.xcassets"; sourceTree = "<group>"; };
		E3DBEF4629F051DA00E8D282 /* CustomTextField.swift */ = {isa = PBXFileReference; lastKnownFileType = sourcecode.swift; path = CustomTextField.swift; sourceTree = "<group>"; };
		E3DBEF4929F0536900E8D282 /* SearchView.swift */ = {isa = PBXFileReference; lastKnownFileType = sourcecode.swift; path = SearchView.swift; sourceTree = "<group>"; };
		E3DBEF4C29F0538900E8D282 /* MarkedView.swift */ = {isa = PBXFileReference; lastKnownFileType = sourcecode.swift; path = MarkedView.swift; sourceTree = "<group>"; };
		E3DBEF4E29F053BC00E8D282 /* CustomTabBar.swift */ = {isa = PBXFileReference; lastKnownFileType = sourcecode.swift; path = CustomTabBar.swift; sourceTree = "<group>"; };
		E3DBEF5029F0574300E8D282 /* CafeView.swift */ = {isa = PBXFileReference; lastKnownFileType = sourcecode.swift; path = CafeView.swift; sourceTree = "<group>"; };
		E3DBEF5329F0594400E8D282 /* CafeModel.swift */ = {isa = PBXFileReference; lastKnownFileType = sourcecode.swift; path = CafeModel.swift; sourceTree = "<group>"; };
		E3DBEF5929F0735800E8D282 /* JSONManager.swift */ = {isa = PBXFileReference; lastKnownFileType = sourcecode.swift; path = JSONManager.swift; sourceTree = "<group>"; };
		E3DBEF5C29F076A500E8D282 /* SearchViewModel.swift */ = {isa = PBXFileReference; lastKnownFileType = sourcecode.swift; path = SearchViewModel.swift; sourceTree = "<group>"; };
		E3DBEF6029F0AFB800E8D282 /* CafesViewModel.swift */ = {isa = PBXFileReference; lastKnownFileType = sourcecode.swift; path = CafesViewModel.swift; sourceTree = "<group>"; };
/* End PBXFileReference section */

/* Begin PBXFrameworksBuildPhase section */
		E3DBEF3129F0514F00E8D282 /* Frameworks */ = {
			isa = PBXFrameworksBuildPhase;
			buildActionMask = 2147483647;
			files = (
			);
			runOnlyForDeploymentPostprocessing = 0;
		};
/* End PBXFrameworksBuildPhase section */

/* Begin PBXGroup section */
		E3DBEF2B29F0514F00E8D282 = {
			isa = PBXGroup;
			children = (
				E3DBEF3629F0514F00E8D282 /* TestProject */,
				E3DBEF3529F0514F00E8D282 /* Products */,
			);
			sourceTree = "<group>";
		};
		E3DBEF3529F0514F00E8D282 /* Products */ = {
			isa = PBXGroup;
			children = (
				E3DBEF3429F0514F00E8D282 /* TestProject.app */,
			);
			name = Products;
			sourceTree = "<group>";
		};
		E3DBEF3629F0514F00E8D282 /* TestProject */ = {
			isa = PBXGroup;
			children = (
				E3DBEF3729F0514F00E8D282 /* TestProjectApp.swift */,
				E3DBEF5B29F0769400E8D282 /* ViewModels */,
				E3DBEF5829F0733C00E8D282 /* Services */,
				E3DBEF5229F0593500E8D282 /* Models */,
				E3DBEF4829F0535100E8D282 /* Views */,
				E3DBEF4529F051C800E8D282 /* Componetns */,
				E3DBEF3B29F0515200E8D282 /* Assets.xcassets */,
				E3DBEF3D29F0515200E8D282 /* Preview Content */,
			);
			path = TestProject;
			sourceTree = "<group>";
		};
		E3DBEF3D29F0515200E8D282 /* Preview Content */ = {
			isa = PBXGroup;
			children = (
				E3DBEF3E29F0515200E8D282 /* Preview Assets.xcassets */,
			);
			path = "Preview Content";
			sourceTree = "<group>";
		};
		E3DBEF4529F051C800E8D282 /* Componetns */ = {
			isa = PBXGroup;
			children = (
				E3DBEF4629F051DA00E8D282 /* CustomTextField.swift */,
				E3DBEF4E29F053BC00E8D282 /* CustomTabBar.swift */,
				E3DBEF5029F0574300E8D282 /* CafeView.swift */,
			);
			path = Componetns;
			sourceTree = "<group>";
		};
		E3DBEF4829F0535100E8D282 /* Views */ = {
			isa = PBXGroup;
			children = (
				E3DBEF3929F0514F00E8D282 /* MainView.swift */,
				E3DBEF4C29F0538900E8D282 /* MarkedView.swift */,
				E3DBEF4929F0536900E8D282 /* SearchView.swift */,
			);
			path = Views;
			sourceTree = "<group>";
		};
		E3DBEF5229F0593500E8D282 /* Models */ = {
			isa = PBXGroup;
			children = (
				E3DBEF5329F0594400E8D282 /* CafeModel.swift */,
			);
			path = Models;
			sourceTree = "<group>";
		};
		E3DBEF5829F0733C00E8D282 /* Services */ = {
			isa = PBXGroup;
			children = (
				E3DBEF5929F0735800E8D282 /* JSONManager.swift */,
			);
			path = Services;
			sourceTree = "<group>";
		};
		E3DBEF5B29F0769400E8D282 /* ViewModels */ = {
			isa = PBXGroup;
			children = (
				E3DBEF5C29F076A500E8D282 /* SearchViewModel.swift */,
				E3DBEF6029F0AFB800E8D282 /* CafesViewModel.swift */,
			);
			path = ViewModels;
			sourceTree = "<group>";
		};
/* End PBXGroup section */

/* Begin PBXNativeTarget section */
		E3DBEF3329F0514F00E8D282 /* TestProject */ = {
			isa = PBXNativeTarget;
			buildConfigurationList = E3DBEF4229F0515200E8D282 /* Build configuration list for PBXNativeTarget "TestProject" */;
			buildPhases = (
				E3DBEF3029F0514F00E8D282 /* Sources */,
				E3DBEF3129F0514F00E8D282 /* Frameworks */,
				E3DBEF3229F0514F00E8D282 /* Resources */,
			);
			buildRules = (
			);
			dependencies = (
			);
			name = TestProject;
			packageProductDependencies = (
			);
			productName = TestProject;
			productReference = E3DBEF3429F0514F00E8D282 /* TestProject.app */;
			productType = "com.apple.product-type.application";
		};
/* End PBXNativeTarget section */

/* Begin PBXProject section */
		E3DBEF2C29F0514F00E8D282 /* Project object */ = {
			isa = PBXProject;
			attributes = {
				BuildIndependentTargetsInParallel = 1;
				LastSwiftUpdateCheck = 1430;
				LastUpgradeCheck = 1430;
				TargetAttributes = {
					E3DBEF3329F0514F00E8D282 = {
						CreatedOnToolsVersion = 14.3;
					};
				};
			};
			buildConfigurationList = E3DBEF2F29F0514F00E8D282 /* Build configuration list for PBXProject "TestProject" */;
			compatibilityVersion = "Xcode 14.0";
			developmentRegion = en;
			hasScannedForEncodings = 0;
			knownRegions = (
				en,
				Base,
			);
			mainGroup = E3DBEF2B29F0514F00E8D282;
			packageReferences = (
			);
			productRefGroup = E3DBEF3529F0514F00E8D282 /* Products */;
			projectDirPath = "";
			projectRoot = "";
			targets = (
				E3DBEF3329F0514F00E8D282 /* TestProject */,
			);
		};
/* End PBXProject section */

/* Begin PBXResourcesBuildPhase section */
		E3DBEF3229F0514F00E8D282 /* Resources */ = {
			isa = PBXResourcesBuildPhase;
			buildActionMask = 2147483647;
			files = (
				E3DBEF3F29F0515200E8D282 /* Preview Assets.xcassets in Resources */,
				E3DBEF3C29F0515200E8D282 /* Assets.xcassets in Resources */,
			);
			runOnlyForDeploymentPostprocessing = 0;
		};
/* End PBXResourcesBuildPhase section */

/* Begin PBXSourcesBuildPhase section */
		E3DBEF3029F0514F00E8D282 /* Sources */ = {
			isa = PBXSourcesBuildPhase;
			buildActionMask = 2147483647;
			files = (
				E3DBEF4A29F0536900E8D282 /* SearchView.swift in Sources */,
				E3DBEF5D29F076A500E8D282 /* SearchViewModel.swift in Sources */,
				E3DBEF3A29F0514F00E8D282 /* MainView.swift in Sources */,
				E3DBEF5429F0594400E8D282 /* CafeModel.swift in Sources */,
				E3DBEF5129F0574300E8D282 /* CafeView.swift in Sources */,
				E3DBEF3829F0514F00E8D282 /* TestProjectApp.swift in Sources */,
				E3DBEF4D29F0538900E8D282 /* MarkedView.swift in Sources */,
				E3DBEF4F29F053BC00E8D282 /* CustomTabBar.swift in Sources */,
				E3DBEF5A29F0735800E8D282 /* JSONManager.swift in Sources */,
				E3DBEF4729F051DA00E8D282 /* CustomTextField.swift in Sources */,
				E3DBEF6129F0AFB900E8D282 /* CafesViewModel.swift in Sources */,
			);
			runOnlyForDeploymentPostprocessing = 0;
		};
/* End PBXSourcesBuildPhase section */

/* Begin XCBuildConfiguration section */
		E3DBEF4029F0515200E8D282 /* Debug */ = {
			isa = XCBuildConfiguration;
			buildSettings = {
				ALWAYS_SEARCH_USER_PATHS = NO;
				CLANG_ANALYZER_NONNULL = YES;
				CLANG_ANALYZER_NUMBER_OBJECT_CONVERSION = YES_AGGRESSIVE;
				CLANG_CXX_LANGUAGE_STANDARD = "gnu++20";
				CLANG_ENABLE_MODULES = YES;
				CLANG_ENABLE_OBJC_ARC = YES;
				CLANG_ENABLE_OBJC_WEAK = YES;
				CLANG_WARN_BLOCK_CAPTURE_AUTORELEASING = YES;
				CLANG_WARN_BOOL_CONVERSION = YES;
				CLANG_WARN_COMMA = YES;
				CLANG_WARN_CONSTANT_CONVERSION = YES;
				CLANG_WARN_DEPRECATED_OBJC_IMPLEMENTATIONS = YES;
				CLANG_WARN_DIRECT_OBJC_ISA_USAGE = YES_ERROR;
				CLANG_WARN_DOCUMENTATION_COMMENTS = YES;
				CLANG_WARN_EMPTY_BODY = YES;
				CLANG_WARN_ENUM_CONVERSION = YES;
				CLANG_WARN_INFINITE_RECURSION = YES;
				CLANG_WARN_INT_CONVERSION = YES;
				CLANG_WARN_NON_LITERAL_NULL_CONVERSION = YES;
				CLANG_WARN_OBJC_IMPLICIT_RETAIN_SELF = YES;
				CLANG_WARN_OBJC_LITERAL_CONVERSION = YES;
				CLANG_WARN_OBJC_ROOT_CLASS = YES_ERROR;
				CLANG_WARN_QUOTED_INCLUDE_IN_FRAMEWORK_HEADER = YES;
				CLANG_WARN_RANGE_LOOP_ANALYSIS = YES;
				CLANG_WARN_STRICT_PROTOTYPES = YES;
				CLANG_WARN_SUSPICIOUS_MOVE = YES;
				CLANG_WARN_UNGUARDED_AVAILABILITY = YES_AGGRESSIVE;
				CLANG_WARN_UNREACHABLE_CODE = YES;
				CLANG_WARN__DUPLICATE_METHOD_MATCH = YES;
				COPY_PHASE_STRIP = NO;
				DEBUG_INFORMATION_FORMAT = dwarf;
				ENABLE_STRICT_OBJC_MSGSEND = YES;
				ENABLE_TESTABILITY = YES;
				GCC_C_LANGUAGE_STANDARD = gnu11;
				GCC_DYNAMIC_NO_PIC = NO;
				GCC_NO_COMMON_BLOCKS = YES;
				GCC_OPTIMIZATION_LEVEL = 0;
				GCC_PREPROCESSOR_DEFINITIONS = (
					"DEBUG=1",
					"$(inherited)",
				);
				GCC_WARN_64_TO_32_BIT_CONVERSION = YES;
				GCC_WARN_ABOUT_RETURN_TYPE = YES_ERROR;
				GCC_WARN_UNDECLARED_SELECTOR = YES;
				GCC_WARN_UNINITIALIZED_AUTOS = YES_AGGRESSIVE;
				GCC_WARN_UNUSED_FUNCTION = YES;
				GCC_WARN_UNUSED_VARIABLE = YES;
				IPHONEOS_DEPLOYMENT_TARGET = 16.4;
				MTL_ENABLE_DEBUG_INFO = INCLUDE_SOURCE;
				MTL_FAST_MATH = YES;
				ONLY_ACTIVE_ARCH = YES;
				SDKROOT = iphoneos;
				SWIFT_ACTIVE_COMPILATION_CONDITIONS = DEBUG;
				SWIFT_OPTIMIZATION_LEVEL = "-Onone";
			};
			name = Debug;
		};
		E3DBEF4129F0515200E8D282 /* Release */ = {
			isa = XCBuildConfiguration;
			buildSettings = {
				ALWAYS_SEARCH_USER_PATHS = NO;
				CLANG_ANALYZER_NONNULL = YES;
				CLANG_ANALYZER_NUMBER_OBJECT_CONVERSION = YES_AGGRESSIVE;
				CLANG_CXX_LANGUAGE_STANDARD = "gnu++20";
				CLANG_ENABLE_MODULES = YES;
				CLANG_ENABLE_OBJC_ARC = YES;
				CLANG_ENABLE_OBJC_WEAK = YES;
				CLANG_WARN_BLOCK_CAPTURE_AUTORELEASING = YES;
				CLANG_WARN_BOOL_CONVERSION = YES;
				CLANG_WARN_COMMA = YES;
				CLANG_WARN_CONSTANT_CONVERSION = YES;
				CLANG_WARN_DEPRECATED_OBJC_IMPLEMENTATIONS = YES;
				CLANG_WARN_DIRECT_OBJC_ISA_USAGE = YES_ERROR;
				CLANG_WARN_DOCUMENTATION_COMMENTS = YES;
				CLANG_WARN_EMPTY_BODY = YES;
				CLANG_WARN_ENUM_CONVERSION = YES;
				CLANG_WARN_INFINITE_RECURSION = YES;
				CLANG_WARN_INT_CONVERSION = YES;
				CLANG_WARN_NON_LITERAL_NULL_CONVERSION = YES;
				CLANG_WARN_OBJC_IMPLICIT_RETAIN_SELF = YES;
				CLANG_WARN_OBJC_LITERAL_CONVERSION = YES;
				CLANG_WARN_OBJC_ROOT_CLASS = YES_ERROR;
				CLANG_WARN_QUOTED_INCLUDE_IN_FRAMEWORK_HEADER = YES;
				CLANG_WARN_RANGE_LOOP_ANALYSIS = YES;
				CLANG_WARN_STRICT_PROTOTYPES = YES;
				CLANG_WARN_SUSPICIOUS_MOVE = YES;
				CLANG_WARN_UNGUARDED_AVAILABILITY = YES_AGGRESSIVE;
				CLANG_WARN_UNREACHABLE_CODE = YES;
				CLANG_WARN__DUPLICATE_METHOD_MATCH = YES;
				COPY_PHASE_STRIP = NO;
				DEBUG_INFORMATION_FORMAT = "dwarf-with-dsym";
				ENABLE_NS_ASSERTIONS = NO;
				ENABLE_STRICT_OBJC_MSGSEND = YES;
				GCC_C_LANGUAGE_STANDARD = gnu11;
				GCC_NO_COMMON_BLOCKS = YES;
				GCC_WARN_64_TO_32_BIT_CONVERSION = YES;
				GCC_WARN_ABOUT_RETURN_TYPE = YES_ERROR;
				GCC_WARN_UNDECLARED_SELECTOR = YES;
				GCC_WARN_UNINITIALIZED_AUTOS = YES_AGGRESSIVE;
				GCC_WARN_UNUSED_FUNCTION = YES;
				GCC_WARN_UNUSED_VARIABLE = YES;
				IPHONEOS_DEPLOYMENT_TARGET = 16.4;
				MTL_ENABLE_DEBUG_INFO = NO;
				MTL_FAST_MATH = YES;
				SDKROOT = iphoneos;
				SWIFT_COMPILATION_MODE = wholemodule;
				SWIFT_OPTIMIZATION_LEVEL = "-O";
				VALIDATE_PRODUCT = YES;
			};
			name = Release;
		};
		E3DBEF4329F0515200E8D282 /* Debug */ = {
			isa = XCBuildConfiguration;
			buildSettings = {
				ASSETCATALOG_COMPILER_APPICON_NAME = AppIcon;
				ASSETCATALOG_COMPILER_GLOBAL_ACCENT_COLOR_NAME = AccentColor;
				CODE_SIGN_STYLE = Automatic;
				CURRENT_PROJECT_VERSION = 1;
				DEVELOPMENT_ASSET_PATHS = "\"TestProject/Preview Content\"";
				ENABLE_PREVIEWS = YES;
				GENERATE_INFOPLIST_FILE = YES;
				INFOPLIST_KEY_UIApplicationSceneManifest_Generation = YES;
				INFOPLIST_KEY_UIApplicationSupportsIndirectInputEvents = YES;
				INFOPLIST_KEY_UILaunchScreen_Generation = YES;
				INFOPLIST_KEY_UISupportedInterfaceOrientations_iPad = "UIInterfaceOrientationPortrait UIInterfaceOrientationPortraitUpsideDown UIInterfaceOrientationLandscapeLeft UIInterfaceOrientationLandscapeRight";
				INFOPLIST_KEY_UISupportedInterfaceOrientations_iPhone = "UIInterfaceOrientationPortrait UIInterfaceOrientationLandscapeLeft UIInterfaceOrientationLandscapeRight";
				LD_RUNPATH_SEARCH_PATHS = (
					"$(inherited)",
					"@executable_path/Frameworks",
				);
				MARKETING_VERSION = 1.0;
				PRODUCT_BUNDLE_IDENTIFIER = kursova.TestProject;
				PRODUCT_NAME = "$(TARGET_NAME)";
				SWIFT_EMIT_LOC_STRINGS = YES;
				SWIFT_VERSION = 5.0;
				TARGETED_DEVICE_FAMILY = "1,2";
			};
			name = Debug;
		};
		E3DBEF4429F0515200E8D282 /* Release */ = {
			isa = XCBuildConfiguration;
			buildSettings = {
				ASSETCATALOG_COMPILER_APPICON_NAME = AppIcon;
				ASSETCATALOG_COMPILER_GLOBAL_ACCENT_COLOR_NAME = AccentColor;
				CODE_SIGN_STYLE = Automatic;
				CURRENT_PROJECT_VERSION = 1;
				DEVELOPMENT_ASSET_PATHS = "\"TestProject/Preview Content\"";
				ENABLE_PREVIEWS = YES;
				GENERATE_INFOPLIST_FILE = YES;
				INFOPLIST_KEY_UIApplicationSceneManifest_Generation = YES;
				INFOPLIST_KEY_UIApplicationSupportsIndirectInputEvents = YES;
				INFOPLIST_KEY_UILaunchScreen_Generation = YES;
				INFOPLIST_KEY_UISupportedInterfaceOrientations_iPad = "UIInterfaceOrientationPortrait UIInterfaceOrientationPortraitUpsideDown UIInterfaceOrientationLandscapeLeft UIInterfaceOrientationLandscapeRight";
				INFOPLIST_KEY_UISupportedInterfaceOrientations_iPhone = "UIInterfaceOrientationPortrait UIInterfaceOrientationLandscapeLeft UIInterfaceOrientationLandscapeRight";
				LD_RUNPATH_SEARCH_PATHS = (
					"$(inherited)",
					"@executable_path/Frameworks",
				);
				MARKETING_VERSION = 1.0;
				PRODUCT_BUNDLE_IDENTIFIER = kursova.TestProject;
				PRODUCT_NAME = "$(TARGET_NAME)";
				SWIFT_EMIT_LOC_STRINGS = YES;
				SWIFT_VERSION = 5.0;
				TARGETED_DEVICE_FAMILY = "1,2";
			};
			name = Release;
		};
/* End XCBuildConfiguration section */

/* Begin XCConfigurationList section */
		E3DBEF2F29F0514F00E8D282 /* Build configuration list for PBXProject "TestProject" */ = {
			isa = XCConfigurationList;
			buildConfigurations = (
				E3DBEF4029F0515200E8D282 /* Debug */,
				E3DBEF4129F0515200E8D282 /* Release */,
			);
			defaultConfigurationIsVisible = 0;
			defaultConfigurationName = Release;
		};
		E3DBEF4229F0515200E8D282 /* Build configuration list for PBXNativeTarget "TestProject" */ = {
			isa = XCConfigurationList;
			buildConfigurations = (
				E3DBEF4329F0515200E8D282 /* Debug */,
				E3DBEF4429F0515200E8D282 /* Release */,
			);
			defaultConfigurationIsVisible = 0;
			defaultConfigurationName = Release;
		};
/* End XCConfigurationList section */
	};
	rootObject = E3DBEF2C29F0514F00E8D282 /* Project object */;
}
